{
  "name": "netchart",
  "version": "1.0.0",
  "lockfileVersion": 1,
  "requires": true,
  "dependencies": {
    "zrender": {
      "version": "3.6.1",
      "resolved": "https://registry.npmjs.org/zrender/-/zrender-3.6.1.tgz",
      "integrity": "sha1-Ni6MTrbJcKjZfITaqNZfN5Ibgms=",
      "dev": true
    }
  }
}
